PODS:
  - BigInt (4.0.0)
  - CryptoSwift (1.0.0)
  - PromiseKit/CorePromise (6.8.4)
  - Serializable.swift (0.1.2)
  - Tesseract.EthereumTypes (0.1.6):
    - BigInt (~> 4.0)
    - CryptoSwift (~> 1.0)
    - Serializable.swift (~> 0.1)

DEPENDENCIES:
  - PromiseKit/CorePromise (~> 6.8)
  - Tesseract.EthereumTypes (from `../EthereumTypes.swift`)

SPEC REPOS:
  https://github.com/cocoapods/specs.git:
    - BigInt
    - CryptoSwift
    - PromiseKit
    - Serializable.swift

EXTERNAL SOURCES:
  Tesseract.EthereumTypes:
    :path: "../EthereumTypes.swift"

SPEC CHECKSUMS:
  BigInt: 2aad1a9942dc932ec8b84290d2c564a3d76f97ab
  CryptoSwift: d81eeaa59dc5a8d03720fe919a6fd07b51f7439f
  PromiseKit: 51794a832647e7b819336dc2279039ce9f1cc49b
  Serializable.swift: 30c5cd7c995bc8140afbd0df09b8185d461aa61b
  Tesseract.EthereumTypes: cef679ade2b8e866cdc6088bac09da870afd4359

PODFILE CHECKSUM: f459720e77ef9230c091e4ec0e5a7f71394cc0ba

COCOAPODS: 1.6.1
